
Microsoft Visual Studio Solution File, Format Version 12.00
# Visual Studio Version 17
VisualStudioVersion = 17.8.34408.163
MinimumVisualStudioVersion = 10.0.40219.1
Project("{FAE04EC0-301F-11D3-BF4B-00C04F79EFBC}") = "mission11_vance", "mission11_vance\mission11_vance.csproj", "{93C9C565-A04A-42E3-8153-897EA7F008C4}"
EndProject
Global
	GlobalSection(SolutionConfigurationPlatforms) = preSolution
		Debug|Any CPU = Debug|Any CPU
		Release|Any CPU = Release|Any CPU
	EndGlobalSection
	GlobalSection(ProjectConfigurationPlatforms) = postSolution
		{93C9C565-A04A-42E3-8153-897EA7F008C4}.Debug|Any CPU.ActiveCfg = Debug|Any CPU
		{93C9C565-A04A-42E3-8153-897EA7F008C4}.Debug|Any CPU.Build.0 = Debug|Any CPU
		{93C9C565-A04A-42E3-8153-897EA7F008C4}.Release|Any CPU.ActiveCfg = Release|Any CPU
		{93C9C565-A04A-42E3-8153-897EA7F008C4}.Release|Any CPU.Build.0 = Release|Any CPU
	EndGlobalSection
	GlobalSection(SolutionProperties) = preSolution
		HideSolutionNode = FALSE
	EndGlobalSection
	GlobalSection(ExtensibilityGlobals) = postSolution
		SolutionGuid = {60E8BA3E-5CF6-48C2-BC50-B76AA9A7B68A}
	EndGlobalSection
EndGlobal
